
Microsoft Visual Studio Solution File, Format Version 12.00
# Visual Studio Version 17
VisualStudioVersion = 17.11.35219.272
MinimumVisualStudioVersion = 10.0.40219.1
Project("{FAE04EC0-301F-11D3-BF4B-00C04F79EFBC}") = "AppQuanLyDatVeXe", "AppQuanLyDatVeXe\AppQuanLyDatVeXe.csproj", "{5BF18DE5-82BA-40D8-86A1-9BCE46FF8177}"
EndProject
Project("{FAE04EC0-301F-11D3-BF4B-00C04F79EFBC}") = "BUL", "BUL\BUL.csproj", "{B41CACD3-395B-404C-8527-36008FC45403}"
EndProject
Project("{FAE04EC0-301F-11D3-BF4B-00C04F79EFBC}") = "DTO", "DTO\DTO.csproj", "{F14111C5-059C-49B3-B895-92AAECD47403}"
EndProject
Project("{FAE04EC0-301F-11D3-BF4B-00C04F79EFBC}") = "DAL", "DAL\DAL.csproj", "{7A72275F-178C-4B7C-A208-E6BE104E500C}"
EndProject
Global
	GlobalSection(SolutionConfigurationPlatforms) = preSolution
		Debug|Any CPU = Debug|Any CPU
		Release|Any CPU = Release|Any CPU
	EndGlobalSection
	GlobalSection(ProjectConfigurationPlatforms) = postSolution
		{5BF18DE5-82BA-40D8-86A1-9BCE46FF8177}.Debug|Any CPU.ActiveCfg = Debug|Any CPU
		{5BF18DE5-82BA-40D8-86A1-9BCE46FF8177}.Debug|Any CPU.Build.0 = Debug|Any CPU
		{5BF18DE5-82BA-40D8-86A1-9BCE46FF8177}.Release|Any CPU.ActiveCfg = Release|Any CPU
		{5BF18DE5-82BA-40D8-86A1-9BCE46FF8177}.Release|Any CPU.Build.0 = Release|Any CPU
		{B41CACD3-395B-404C-8527-36008FC45403}.Debug|Any CPU.ActiveCfg = Debug|Any CPU
		{B41CACD3-395B-404C-8527-36008FC45403}.Debug|Any CPU.Build.0 = Debug|Any CPU
		{B41CACD3-395B-404C-8527-36008FC45403}.Release|Any CPU.ActiveCfg = Release|Any CPU
		{B41CACD3-395B-404C-8527-36008FC45403}.Release|Any CPU.Build.0 = Release|Any CPU
		{F14111C5-059C-49B3-B895-92AAECD47403}.Debug|Any CPU.ActiveCfg = Debug|Any CPU
		{F14111C5-059C-49B3-B895-92AAECD47403}.Debug|Any CPU.Build.0 = Debug|Any CPU
		{F14111C5-059C-49B3-B895-92AAECD47403}.Release|Any CPU.ActiveCfg = Release|Any CPU
		{F14111C5-059C-49B3-B895-92AAECD47403}.Release|Any CPU.Build.0 = Release|Any CPU
		{7A72275F-178C-4B7C-A208-E6BE104E500C}.Debug|Any CPU.ActiveCfg = Debug|Any CPU
		{7A72275F-178C-4B7C-A208-E6BE104E500C}.Debug|Any CPU.Build.0 = Debug|Any CPU
		{7A72275F-178C-4B7C-A208-E6BE104E500C}.Release|Any CPU.ActiveCfg = Release|Any CPU
		{7A72275F-178C-4B7C-A208-E6BE104E500C}.Release|Any CPU.Build.0 = Release|Any CPU
	EndGlobalSection
	GlobalSection(SolutionProperties) = preSolution
		HideSolutionNode = FALSE
	EndGlobalSection
	GlobalSection(ExtensibilityGlobals) = postSolution
		SolutionGuid = {4567A054-6338-4F93-9D74-860344ACE4D5}
	EndGlobalSection
EndGlobal
